PODS:
  - ffmpeg_kit_flutter_new (4.1.0):
    - FlutterMacOS
  - file_picker (0.0.1):
    - FlutterMacOS
  - FlutterMacOS (1.0.0)
  - printing (1.0.0):
    - FlutterMacOS

DEPENDENCIES:
  - ffmpeg_kit_flutter_new (from `local_pods/ffmpeg_kit_flutter_new`)
  - file_picker (from `Flutter/ephemeral/.symlinks/plugins/file_picker/macos`)
  - FlutterMacOS (from `Flutter/ephemeral`)
  - printing (from `Flutter/ephemeral/.symlinks/plugins/printing/macos`)

EXTERNAL SOURCES:
  ffmpeg_kit_flutter_new:
    :path: local_pods/ffmpeg_kit_flutter_new
  file_picker:
    :path: Flutter/ephemeral/.symlinks/plugins/file_picker/macos
  FlutterMacOS:
    :path: Flutter/ephemeral
  printing:
    :path: Flutter/ephemeral/.symlinks/plugins/printing/macos

SPEC CHECKSUMS:
  ffmpeg_kit_flutter_new: e78319cb141b9bcd05bec21c0338a69b74a983eb
  file_picker: 7584aae6fa07a041af2b36a2655122d42f578c1a
  FlutterMacOS: d0db08ddef1a9af05a5ec4b724367152bb0500b1
  printing: c4cf83c78fd684f9bc318e6aadc18972aa48f617

PODFILE CHECKSUM: 925e691c7e3e7b55116fa817fd5dcf240ff57cf8

COCOAPODS: 1.16.2
