PODS:
  - ffmpeg_kit_flutter_new (4.6.2):
    - FlutterMacOS
  - FlutterMacOS (1.0.0)

DEPENDENCIES:
  - ffmpeg_kit_flutter_new (from `local_pods/ffmpeg_kit_flutter_new`)
  - FlutterMacOS (from `Flutter/ephemeral`)

EXTERNAL SOURCES:
  ffmpeg_kit_flutter_new:
    :path: local_pods/ffmpeg_kit_flutter_new
  FlutterMacOS:
    :path: Flutter/ephemeral

SPEC CHECKSUMS:
  ffmpeg_kit_flutter_new: 102159b8cdf73a41fa5ddcb9c6589ded573f4a72
  FlutterMacOS: d0db08ddef1a9af05a5ec4b724367152bb0500b1

PODFILE CHECKSUM: 3f1e95138bb5a54ed37d1c2b7a69d62ab790293c

COCOAPODS: 1.17.0
