PODS:
  - desktop_drop (0.0.1):
    - FlutterMacOS
  - ffmpeg_kit_flutter_new (4.1.0):
    - FlutterMacOS
  - file_picker (0.0.1):
    - FlutterMacOS
  - flutter_image_compress_macos (1.0.0):
    - FlutterMacOS
  - FlutterMacOS (1.0.0)
  - package_info_plus (0.0.1):
    - FlutterMacOS
  - printing (1.0.0):
    - FlutterMacOS
  - url_launcher_macos (0.0.1):
    - FlutterMacOS

DEPENDENCIES:
  - desktop_drop (from `Flutter/ephemeral/.symlinks/plugins/desktop_drop/macos`)
  - ffmpeg_kit_flutter_new (from `local_pods/ffmpeg_kit_flutter_new`)
  - file_picker (from `Flutter/ephemeral/.symlinks/plugins/file_picker/macos`)
  - flutter_image_compress_macos (from `Flutter/ephemeral/.symlinks/plugins/flutter_image_compress_macos/macos`)
  - FlutterMacOS (from `Flutter/ephemeral`)
  - package_info_plus (from `Flutter/ephemeral/.symlinks/plugins/package_info_plus/macos`)
  - printing (from `Flutter/ephemeral/.symlinks/plugins/printing/macos`)
  - url_launcher_macos (from `Flutter/ephemeral/.symlinks/plugins/url_launcher_macos/macos`)

EXTERNAL SOURCES:
  desktop_drop:
    :path: Flutter/ephemeral/.symlinks/plugins/desktop_drop/macos
  ffmpeg_kit_flutter_new:
    :path: local_pods/ffmpeg_kit_flutter_new
  file_picker:
    :path: Flutter/ephemeral/.symlinks/plugins/file_picker/macos
  flutter_image_compress_macos:
    :path: Flutter/ephemeral/.symlinks/plugins/flutter_image_compress_macos/macos
  FlutterMacOS:
    :path: Flutter/ephemeral
  package_info_plus:
    :path: Flutter/ephemeral/.symlinks/plugins/package_info_plus/macos
  printing:
    :path: Flutter/ephemeral/.symlinks/plugins/printing/macos
  url_launcher_macos:
    :path: Flutter/ephemeral/.symlinks/plugins/url_launcher_macos/macos

SPEC CHECKSUMS:
  desktop_drop: 10a3e6a7fa9dbe350541f2574092fecfa345a07b
  ffmpeg_kit_flutter_new: e78319cb141b9bcd05bec21c0338a69b74a983eb
  file_picker: 7584aae6fa07a041af2b36a2655122d42f578c1a
  flutter_image_compress_macos: e68daf54bb4bf2144c580fd4d151c949cbf492f0
  FlutterMacOS: d0db08ddef1a9af05a5ec4b724367152bb0500b1
  package_info_plus: f0052d280d17aa382b932f399edf32507174e870
  printing: c4cf83c78fd684f9bc318e6aadc18972aa48f617
  url_launcher_macos: f87a979182d112f911de6820aefddaf56ee9fbfd

PODFILE CHECKSUM: 925e691c7e3e7b55116fa817fd5dcf240ff57cf8

COCOAPODS: 1.16.2
